
Microsoft Visual Studio Solution File, Format Version 12.00
# Visual Studio Version 17
VisualStudioVersion = 17.5.002.0
MinimumVisualStudioVersion = 10.0.40219.1
Project("{9A19103F-16F7-4668-BE54-9A1E7A4F7556}") = "RunApp", "RunApp.csproj", "{AEBC1F54-C486-4E21-B9A3-A4208338DDEB}"
EndProject
Global
	GlobalSection(SolutionConfigurationPlatforms) = preSolution
		Debug|Any CPU = Debug|Any CPU
		Release|Any CPU = Release|Any CPU
	EndGlobalSection
	GlobalSection(ProjectConfigurationPlatforms) = postSolution
		{AEBC1F54-C486-4E21-B9A3-A4208338DDEB}.Debug|Any CPU.ActiveCfg = Debug|Any CPU
		{AEBC1F54-C486-4E21-B9A3-A4208338DDEB}.Debug|Any CPU.Build.0 = Debug|Any CPU
		{AEBC1F54-C486-4E21-B9A3-A4208338DDEB}.Release|Any CPU.ActiveCfg = Release|Any CPU
		{AEBC1F54-C486-4E21-B9A3-A4208338DDEB}.Release|Any CPU.Build.0 = Release|Any CPU
	EndGlobalSection
	GlobalSection(SolutionProperties) = preSolution
		HideSolutionNode = FALSE
	EndGlobalSection
	GlobalSection(ExtensibilityGlobals) = postSolution
		SolutionGuid = {5240AB52-7E69-45A6-A6F6-1AE19B28882D}
	EndGlobalSection
EndGlobal
